
Microsoft Visual Studio Solution File, Format Version 12.00
# Visual Studio Version 17
VisualStudioVersion = 17.5.33414.496
MinimumVisualStudioVersion = 10.0.40219.1
Project("{FAE04EC0-301F-11D3-BF4B-00C04F79EFBC}") = "CadastroMvc", "CadastroMvc.csproj", "{00414CB3-47DC-4574-8414-753D630B1327}"
EndProject
Global
	GlobalSection(SolutionConfigurationPlatforms) = preSolution
		Debug|Any CPU = Debug|Any CPU
		Release|Any CPU = Release|Any CPU
	EndGlobalSection
	GlobalSection(ProjectConfigurationPlatforms) = postSolution
		{00414CB3-47DC-4574-8414-753D630B1327}.Debug|Any CPU.ActiveCfg = Debug|Any CPU
		{00414CB3-47DC-4574-8414-753D630B1327}.Debug|Any CPU.Build.0 = Debug|Any CPU
		{00414CB3-47DC-4574-8414-753D630B1327}.Release|Any CPU.ActiveCfg = Release|Any CPU
		{00414CB3-47DC-4574-8414-753D630B1327}.Release|Any CPU.Build.0 = Release|Any CPU
	EndGlobalSection
	GlobalSection(SolutionProperties) = preSolution
		HideSolutionNode = FALSE
	EndGlobalSection
	GlobalSection(ExtensibilityGlobals) = postSolution
		SolutionGuid = {DF734B07-1D20-4A09-B70D-B044EC5B11C4}
	EndGlobalSection
EndGlobal
